
Microsoft Visual Studio Solution File, Format Version 12.00
# Visual Studio 2012
Project("{FAE04EC0-301F-11D3-BF4B-00C04F79EFBC}") = "SolarSystemApi", "SolarSystemApi\SolarSystemApi.csproj", "{B79990E4-D84C-40A2-A717-EFA29939BEB3}"
EndProject
Project("{FAE04EC0-301F-11D3-BF4B-00C04F79EFBC}") = "SolarSystemApi.Tests", "SolarSystemApi.Tests\SolarSystemApi.Tests.csproj", "{F9BBE7BC-0553-42AB-B969-1D607CF6D09E}"
EndProject
Project("{FAE04EC0-301F-11D3-BF4B-00C04F79EFBC}") = "SolarSystemApi.Services", "SolarSystemApi.Services\SolarSystemApi.Services.csproj", "{9CD85FC4-48D8-4486-8454-249C4ABDC055}"
EndProject
Global
	GlobalSection(SolutionConfigurationPlatforms) = preSolution
		Debug|Any CPU = Debug|Any CPU
		Release|Any CPU = Release|Any CPU
	EndGlobalSection
	GlobalSection(ProjectConfigurationPlatforms) = postSolution
		{B79990E4-D84C-40A2-A717-EFA29939BEB3}.Debug|Any CPU.ActiveCfg = Debug|Any CPU
		{B79990E4-D84C-40A2-A717-EFA29939BEB3}.Debug|Any CPU.Build.0 = Debug|Any CPU
		{B79990E4-D84C-40A2-A717-EFA29939BEB3}.Release|Any CPU.ActiveCfg = Release|Any CPU
		{B79990E4-D84C-40A2-A717-EFA29939BEB3}.Release|Any CPU.Build.0 = Release|Any CPU
		{F9BBE7BC-0553-42AB-B969-1D607CF6D09E}.Debug|Any CPU.ActiveCfg = Debug|Any CPU
		{F9BBE7BC-0553-42AB-B969-1D607CF6D09E}.Debug|Any CPU.Build.0 = Debug|Any CPU
		{F9BBE7BC-0553-42AB-B969-1D607CF6D09E}.Release|Any CPU.ActiveCfg = Release|Any CPU
		{F9BBE7BC-0553-42AB-B969-1D607CF6D09E}.Release|Any CPU.Build.0 = Release|Any CPU
		{9CD85FC4-48D8-4486-8454-249C4ABDC055}.Debug|Any CPU.ActiveCfg = Debug|Any CPU
		{9CD85FC4-48D8-4486-8454-249C4ABDC055}.Debug|Any CPU.Build.0 = Debug|Any CPU
		{9CD85FC4-48D8-4486-8454-249C4ABDC055}.Release|Any CPU.ActiveCfg = Release|Any CPU
		{9CD85FC4-48D8-4486-8454-249C4ABDC055}.Release|Any CPU.Build.0 = Release|Any CPU
	EndGlobalSection
	GlobalSection(MonoDevelopProperties) = preSolution
		Policies = $0
		$0.DotNetNamingPolicy = $1
		$1.DirectoryNamespaceAssociation = PrefixedHierarchical
		$0.StandardHeader = $2
		$0.VersionControlPolicy = $3
	EndGlobalSection
EndGlobal
